
Microsoft Visual Studio Solution File, Format Version 12.00
# Visual Studio Version 16
VisualStudioVersion = 16.0.31105.61
MinimumVisualStudioVersion = 10.0.40219.1
Project("{FAE04EC0-301F-11D3-BF4B-00C04F79EFBC}") = "Trabajo.Lista", "Trabajo.Lista\Trabajo.Lista.csproj", "{81A6C316-520D-48C2-8EF3-13D76A76E01D}"
EndProject
Global
	GlobalSection(SolutionConfigurationPlatforms) = preSolution
		Debug|Any CPU = Debug|Any CPU
		Release|Any CPU = Release|Any CPU
	EndGlobalSection
	GlobalSection(ProjectConfigurationPlatforms) = postSolution
		{81A6C316-520D-48C2-8EF3-13D76A76E01D}.Debug|Any CPU.ActiveCfg = Debug|Any CPU
		{81A6C316-520D-48C2-8EF3-13D76A76E01D}.Debug|Any CPU.Build.0 = Debug|Any CPU
		{81A6C316-520D-48C2-8EF3-13D76A76E01D}.Release|Any CPU.ActiveCfg = Release|Any CPU
		{81A6C316-520D-48C2-8EF3-13D76A76E01D}.Release|Any CPU.Build.0 = Release|Any CPU
	EndGlobalSection
	GlobalSection(SolutionProperties) = preSolution
		HideSolutionNode = FALSE
	EndGlobalSection
	GlobalSection(ExtensibilityGlobals) = postSolution
		SolutionGuid = {2BC2A08E-43B9-4DF3-9613-1E9C0335CB89}
	EndGlobalSection
EndGlobal
